
Microsoft Visual Studio Solution File, Format Version 12.00
# Visual Studio Version 17
VisualStudioVersion = 17.6.33815.320
MinimumVisualStudioVersion = 10.0.40219.1
Project("{FAE04EC0-301F-11D3-BF4B-00C04F79EFBC}") = "RockPaperScissorsGame", "RockPaperScissorsGame\RockPaperScissorsGame.csproj", "{ACC0C565-6F80-4643-87B4-74D9D30D8285}"
EndProject
Project("{FAE04EC0-301F-11D3-BF4B-00C04F79EFBC}") = "RockPaperScissorsLibrary", "RockPaperScissorsLibrary\RockPaperScissorsLibrary.csproj", "{3A467815-BDB9-4B4B-83A3-4EDF9F3379AF}"
EndProject
Global
	GlobalSection(SolutionConfigurationPlatforms) = preSolution
		Debug|Any CPU = Debug|Any CPU
		Release|Any CPU = Release|Any CPU
	EndGlobalSection
	GlobalSection(ProjectConfigurationPlatforms) = postSolution
		{ACC0C565-6F80-4643-87B4-74D9D30D8285}.Debug|Any CPU.ActiveCfg = Debug|Any CPU
		{ACC0C565-6F80-4643-87B4-74D9D30D8285}.Debug|Any CPU.Build.0 = Debug|Any CPU
		{ACC0C565-6F80-4643-87B4-74D9D30D8285}.Release|Any CPU.ActiveCfg = Release|Any CPU
		{ACC0C565-6F80-4643-87B4-74D9D30D8285}.Release|Any CPU.Build.0 = Release|Any CPU
		{3A467815-BDB9-4B4B-83A3-4EDF9F3379AF}.Debug|Any CPU.ActiveCfg = Debug|Any CPU
		{3A467815-BDB9-4B4B-83A3-4EDF9F3379AF}.Debug|Any CPU.Build.0 = Debug|Any CPU
		{3A467815-BDB9-4B4B-83A3-4EDF9F3379AF}.Release|Any CPU.ActiveCfg = Release|Any CPU
		{3A467815-BDB9-4B4B-83A3-4EDF9F3379AF}.Release|Any CPU.Build.0 = Release|Any CPU
	EndGlobalSection
	GlobalSection(SolutionProperties) = preSolution
		HideSolutionNode = FALSE
	EndGlobalSection
	GlobalSection(ExtensibilityGlobals) = postSolution
		SolutionGuid = {FA588831-F8B2-4714-B55B-2E83AFF00FBB}
	EndGlobalSection
EndGlobal
